
Microsoft Visual Studio Solution File, Format Version 12.00
# Visual Studio Version 16
VisualStudioVersion = 16.0.30011.22
MinimumVisualStudioVersion = 10.0.40219.1
Project("{9A19103F-16F7-4668-BE54-9A1E7A4F7556}") = "WindowsApi", "WindowsApi\WindowsApi.csproj", "{19DCFDAD-415E-40A3-8871-2793F0F6D4A3}"
EndProject
Project("{9A19103F-16F7-4668-BE54-9A1E7A4F7556}") = "ScreenControlLib", "ScreenControlLib\ScreenControlLib.csproj", "{15A625E6-B950-46BA-97DB-AEA194263654}"
EndProject
Project("{FAE04EC0-301F-11D3-BF4B-00C04F79EFBC}") = "GoSearch", "GoSearch\GoSearch.csproj", "{EE78B8DD-412E-4CA6-8FE1-A00DB48628D1}"
EndProject
Project("{FAE04EC0-301F-11D3-BF4B-00C04F79EFBC}") = "Experiment", "Experiment\Experiment.csproj", "{7787883A-DCA1-4113-A739-C7BFEA72064C}"
EndProject
Project("{FAE04EC0-301F-11D3-BF4B-00C04F79EFBC}") = "MonitorOff", "MonitorOff\MonitorOff.csproj", "{F8E3C42C-8333-4A7A-B84D-92A7AD085A2A}"
EndProject
Project("{2150E333-8FDC-42A3-9474-1A3956D46DE8}") = "Downloaders", "Downloaders", "{0E7C1DEE-74CB-4736-96B4-16EB4F978D0B}"
EndProject
Project("{FAE04EC0-301F-11D3-BF4B-00C04F79EFBC}") = "Pingshu8", "Pingshu8\Pingshu8.csproj", "{AA293ECA-65AE-41DE-B2D8-BB33FE8DF04B}"
EndProject
Project("{2150E333-8FDC-42A3-9474-1A3956D46DE8}") = "Lab", "Lab", "{7857AFB9-B160-4616-ACE9-98E61E49A4BB}"
EndProject
Global
	GlobalSection(SolutionConfigurationPlatforms) = preSolution
		Debug|Any CPU = Debug|Any CPU
		Release|Any CPU = Release|Any CPU
	EndGlobalSection
	GlobalSection(ProjectConfigurationPlatforms) = postSolution
		{19DCFDAD-415E-40A3-8871-2793F0F6D4A3}.Debug|Any CPU.ActiveCfg = Debug|Any CPU
		{19DCFDAD-415E-40A3-8871-2793F0F6D4A3}.Debug|Any CPU.Build.0 = Debug|Any CPU
		{19DCFDAD-415E-40A3-8871-2793F0F6D4A3}.Release|Any CPU.ActiveCfg = Release|Any CPU
		{19DCFDAD-415E-40A3-8871-2793F0F6D4A3}.Release|Any CPU.Build.0 = Release|Any CPU
		{15A625E6-B950-46BA-97DB-AEA194263654}.Debug|Any CPU.ActiveCfg = Debug|Any CPU
		{15A625E6-B950-46BA-97DB-AEA194263654}.Debug|Any CPU.Build.0 = Debug|Any CPU
		{15A625E6-B950-46BA-97DB-AEA194263654}.Release|Any CPU.ActiveCfg = Release|Any CPU
		{15A625E6-B950-46BA-97DB-AEA194263654}.Release|Any CPU.Build.0 = Release|Any CPU
		{EE78B8DD-412E-4CA6-8FE1-A00DB48628D1}.Debug|Any CPU.ActiveCfg = Debug|Any CPU
		{EE78B8DD-412E-4CA6-8FE1-A00DB48628D1}.Debug|Any CPU.Build.0 = Debug|Any CPU
		{EE78B8DD-412E-4CA6-8FE1-A00DB48628D1}.Release|Any CPU.ActiveCfg = Release|Any CPU
		{EE78B8DD-412E-4CA6-8FE1-A00DB48628D1}.Release|Any CPU.Build.0 = Release|Any CPU
		{7787883A-DCA1-4113-A739-C7BFEA72064C}.Debug|Any CPU.ActiveCfg = Debug|Any CPU
		{7787883A-DCA1-4113-A739-C7BFEA72064C}.Debug|Any CPU.Build.0 = Debug|Any CPU
		{7787883A-DCA1-4113-A739-C7BFEA72064C}.Release|Any CPU.ActiveCfg = Release|Any CPU
		{7787883A-DCA1-4113-A739-C7BFEA72064C}.Release|Any CPU.Build.0 = Release|Any CPU
		{F8E3C42C-8333-4A7A-B84D-92A7AD085A2A}.Debug|Any CPU.ActiveCfg = Debug|Any CPU
		{F8E3C42C-8333-4A7A-B84D-92A7AD085A2A}.Debug|Any CPU.Build.0 = Debug|Any CPU
		{F8E3C42C-8333-4A7A-B84D-92A7AD085A2A}.Release|Any CPU.ActiveCfg = Release|Any CPU
		{F8E3C42C-8333-4A7A-B84D-92A7AD085A2A}.Release|Any CPU.Build.0 = Release|Any CPU
		{AA293ECA-65AE-41DE-B2D8-BB33FE8DF04B}.Debug|Any CPU.ActiveCfg = Debug|Any CPU
		{AA293ECA-65AE-41DE-B2D8-BB33FE8DF04B}.Debug|Any CPU.Build.0 = Debug|Any CPU
		{AA293ECA-65AE-41DE-B2D8-BB33FE8DF04B}.Release|Any CPU.ActiveCfg = Release|Any CPU
		{AA293ECA-65AE-41DE-B2D8-BB33FE8DF04B}.Release|Any CPU.Build.0 = Release|Any CPU
	EndGlobalSection
	GlobalSection(SolutionProperties) = preSolution
		HideSolutionNode = FALSE
	EndGlobalSection
	GlobalSection(NestedProjects) = preSolution
		{7787883A-DCA1-4113-A739-C7BFEA72064C} = {7857AFB9-B160-4616-ACE9-98E61E49A4BB}
		{AA293ECA-65AE-41DE-B2D8-BB33FE8DF04B} = {0E7C1DEE-74CB-4736-96B4-16EB4F978D0B}
	EndGlobalSection
	GlobalSection(ExtensibilityGlobals) = postSolution
		SolutionGuid = {BEBADD36-19F5-4EE1-8969-A2A7D9E87C82}
	EndGlobalSection
EndGlobal
